// !$*UTF8*$!
{
	archiveVersion = 1;
	classes = {};
	objectVersion = 56;
	objects = {

/* Begin PBXBuildFile section */
		A1A1A1A1A1A1A1A1A1A1A1F6 /* AliasManagerView.swift in Sources */ = {isa = PBXBuildFile; fileRef = B1B1B1B1B1B1B1B1B1B1B1F6 /* AliasManagerView.swift */; };
		A1A1A1A1A1A1A1A1A1A1A1A1 /* DevStationApp.swift in Sources */ = {isa = PBXBuildFile; fileRef = B1B1B1B1B1B1B1B1B1B1B1B1 /* DevStationApp.swift */; };
		A1A1A1A1A1A1A1A1A1A1A1A2 /* ContentView.swift in Sources */ = {isa = PBXBuildFile; fileRef = B1B1B1B1B1B1B1B1B1B1B1B2 /* ContentView.swift */; };
		A1A1A1A1A1A1A1A1A1A1A1E0 /* ToolRegistry.swift in Sources */ = {isa = PBXBuildFile; fileRef = B1B1B1B1B1B1B1B1B1B1B1E0 /* ToolRegistry.swift */; };
		A1A1A1A1A1A1A1A1A1A1A1E1 /* ToolRegistryView.swift in Sources */ = {isa = PBXBuildFile; fileRef = B1B1B1B1B1B1B1B1B1B1B1E1 /* ToolRegistryView.swift */; };
		A1A1A1A1A1A1A1A1A1A1A1E2 /* StationProcessManager.swift in Sources */ = {isa = PBXBuildFile; fileRef = B1B1B1B1B1B1B1B1B1B1B1E2 /* StationProcessManager.swift */; };
		A1A1A1A1A1A1A1A1A1A1A1E3 /* PiLoggerStore.swift in Sources */ = {isa = PBXBuildFile; fileRef = B1B1B1B1B1B1B1B1B1B1B1E3 /* PiLoggerStore.swift */; };
		8BAE51ECB4CED21C4BE36BFF /* IdentityResolver.swift in Sources */ = {isa = PBXBuildFile; fileRef = 805A0DFFD8FAFFA48F8F9BEF /* IdentityResolver.swift */; };
		A1A1A1A1A1A1A1A1A1A1A1E4 /* ModalHeaderView.swift in Sources */ = {isa = PBXBuildFile; fileRef = B1B1B1B1B1B1B1B1B1B1B1E4 /* ModalHeaderView.swift */; };
		A1A1A1A1A1A1A1A1A1A1A1E5 /* APIInspectorView.swift in Sources */ = {isa = PBXBuildFile; fileRef = B1B1B1B1B1B1B1B1B1B1B1E5 /* APIInspectorView.swift */; };
		A1A1A1A1A1A1A1A1A1A1A1E6 /* ToolRunnerView.swift in Sources */ = {isa = PBXBuildFile; fileRef = B1B1B1B1B1B1B1B1B1B1B1E6 /* ToolRunnerView.swift */; };
		A1A1A1A1A1A1A1A1A1A1A1E7 /* ViewerSheet.swift in Sources */ = {isa = PBXBuildFile; fileRef = B1B1B1B1B1B1B1B1B1B1B1E7 /* ViewerSheet.swift */; };
		A1A1A1A1A1A1A1A1A1A1A1F0 /* PresetRegistry.swift in Sources */ = {isa = PBXBuildFile; fileRef = B1B1B1B1B1B1B1B1B1B1B1F0 /* PresetRegistry.swift */; };
		A1A1A1A1A1A1A1A1A1A1A1F1 /* PresetButtonsView.swift in Sources */ = {isa = PBXBuildFile; fileRef = B1B1B1B1B1B1B1B1B1B1B1F1 /* PresetButtonsView.swift */; };
		A1A1A1A1A1A1A1A1A1A1A1F2 /* PresetRunnerView.swift in Sources */ = {isa = PBXBuildFile; fileRef = B1B1B1B1B1B1B1B1B1B1B1F2 /* PresetRunnerView.swift */; };
		A1A1A1A1A1A1A1A1A1A1A1F7 /* RunbookRegistry.swift in Sources */ = {isa = PBXBuildFile; fileRef = B1B1B1B1B1B1B1B1B1B1B1F7 /* RunbookRegistry.swift */; };
		A1A1A1A1A1A1A1A1A1A1A1F8 /* RunbookListView.swift in Sources */ = {isa = PBXBuildFile; fileRef = B1B1B1B1B1B1B1B1B1B1B1F8 /* RunbookListView.swift */; };
		A1A1A1A1A1A1A1A1A1A1A1F9 /* RunbookRunnerView.swift in Sources */ = {isa = PBXBuildFile; fileRef = B1B1B1B1B1B1B1B1B1B1B1F9 /* RunbookRunnerView.swift */; };
		A1A1A1A1A1A1A1A1A1A1A1F3 /* ToolBuilderView.swift in Sources */ = {isa = PBXBuildFile; fileRef = B1B1B1B1B1B1B1B1B1B1B1F3 /* ToolBuilderView.swift */; };
		A1A1A1A1A1A1A1A1A1A1A1F4 /* PresetBuilderView.swift in Sources */ = {isa = PBXBuildFile; fileRef = B1B1B1B1B1B1B1B1B1B1B1F4 /* PresetBuilderView.swift */; };
		A1A1A1A1A1A1A1A1A1A1A1F5 /* ScratchpadView.swift in Sources */ = {isa = PBXBuildFile; fileRef = B1B1B1B1B1B1B1B1B1B1B1F5 /* ScratchpadView.swift */; };
		A1A1A1A1A1A1A1A1A1A1A1A3 /* NetworkScanner.swift in Sources */ = {isa = PBXBuildFile; fileRef = B1B1B1B1B1B1B1B1B1B1B1B3 /* NetworkScanner.swift */; };
		A1A1A1A1A1A1A1A1A1A1A1A4 /* Models.swift in Sources */ = {isa = PBXBuildFile; fileRef = B1B1B1B1B1B1B1B1B1B1B1B4 /* Models.swift */; };
		A1A1A1A1A1A1A1A1A1A1A1A5 /* AsyncSemaphore.swift in Sources */ = {isa = PBXBuildFile; fileRef = B1B1B1B1B1B1B1B1B1B1B1B6 /* AsyncSemaphore.swift */; };
		A1A1A1A1A1A1A1A1A1A1A1A6 /* NetworkHelpers.swift in Sources */ = {isa = PBXBuildFile; fileRef = B1B1B1B1B1B1B1B1B1B1B1B7 /* NetworkHelpers.swift */; };
		A1A1A1A1A1A1A1A1A1A1A1A7 /* ONVIFDiscovery.swift in Sources */ = {isa = PBXBuildFile; fileRef = B1B1B1B1B1B1B1B1B1B1B1B8 /* ONVIFDiscovery.swift */; };
		A1A1A1A1A1A1A1A1A1A1A1A8 /* ONVIFClient.swift in Sources */ = {isa = PBXBuildFile; fileRef = B1B1B1B1B1B1B1B1B1B1B1B9 /* ONVIFClient.swift */; };
		A1A1A1A1A1A1A1A1A1A1A1A9 /* LogStore.swift in Sources */ = {isa = PBXBuildFile; fileRef = B1B1B1B1B1B1B1B1B1B1B1BA /* LogStore.swift */; };
		A1A1A1A1A1A1A1A1A1A1A1AA /* OUIStore.swift in Sources */ = {isa = PBXBuildFile; fileRef = B1B1B1B1B1B1B1B1B1B1B1BB /* OUIStore.swift */; };
		A1A1A1A1A1A1A1A1A1A1A1AB /* OUI.txt in Resources */ = {isa = PBXBuildFile; fileRef = B1B1B1B1B1B1B1B1B1B1B1BC /* OUI.txt */; };
		A1A1A1A1A1A1A1A1A1A1A1B3 /* BLECompanyIDs.txt in Resources */ = {isa = PBXBuildFile; fileRef = B1B1B1B1B1B1B1B1B1B1B1C4 /* BLECompanyIDs.txt */; };
		A1A1A1A1A1A1A1A1A1A1A1B4 /* BLEServiceUUIDs.txt in Resources */ = {isa = PBXBuildFile; fileRef = B1B1B1B1B1B1B1B1B1B1B1C5 /* BLEServiceUUIDs.txt */; };
		A1A1A1A1A1A1A1A1A1A1A1B5 /* BLEAssignedNumbers.txt in Resources */ = {isa = PBXBuildFile; fileRef = B1B1B1B1B1B1B1B1B1B1B1C6 /* BLEAssignedNumbers.txt */; };
		A1A1A1A1A1A1A1A1A1A1A1AC /* SSDPDiscovery.swift in Sources */ = {isa = PBXBuildFile; fileRef = B1B1B1B1B1B1B1B1B1B1B1BD /* SSDPDiscovery.swift */; };
		A1A1A1A1A1A1A1A1A1A1A1AD /* BonjourDiscovery.swift in Sources */ = {isa = PBXBuildFile; fileRef = B1B1B1B1B1B1B1B1B1B1B1BE /* BonjourDiscovery.swift */; };
		A1A1A1A1A1A1A1A1A1A1A1AE /* RTSPProber.swift in Sources */ = {isa = PBXBuildFile; fileRef = B1B1B1B1B1B1B1B1B1B1B1BF /* RTSPProber.swift */; };
		A1A1A1A1A1A1A1A1A1A1A1AF /* VLCLauncher.swift in Sources */ = {isa = PBXBuildFile; fileRef = B1B1B1B1B1B1B1B1B1B1B1C0 /* VLCLauncher.swift */; };
		A1A1A1A1A1A1A1A1A1A1A1B0 /* BLEScanner.swift in Sources */ = {isa = PBXBuildFile; fileRef = B1B1B1B1B1B1B1B1B1B1B1C1 /* BLEScanner.swift */; };
		A1A1A1A1A1A1A1A1A1A1A1B1 /* BLEProber.swift in Sources */ = {isa = PBXBuildFile; fileRef = B1B1B1B1B1B1B1B1B1B1B1C2 /* BLEProber.swift */; };
		A1A1A1A1A1A1A1A1A1A1A1B2 /* BLEMetadataStore.swift in Sources */ = {isa = PBXBuildFile; fileRef = B1B1B1B1B1B1B1B1B1B1B1C3 /* BLEMetadataStore.swift */; };
		A1A1A1A1A1A1A1A1A1A1A1D2 /* PiAuxStore.swift in Sources */ = {isa = PBXBuildFile; fileRef = B1B1B1B1B1B1B1B1B1B1B1D2 /* PiAuxStore.swift */; };
		A1A1A1A1A1A1A1A1A1A1A1B7 /* RTSPHardProbe.swift in Sources */ = {isa = PBXBuildFile; fileRef = B1B1B1B1B1B1B1B1B1B1B1C7 /* RTSPHardProbe.swift */; };
		A1A1A1A1A1A1A1A1A1A1A1B8 /* AppTruth.swift in Sources */ = {isa = PBXBuildFile; fileRef = B1B1B1B1B1B1B1B1B1B1B1C8 /* AppTruth.swift */; };
		A1A1A1A1A1A1A1A1A1A1A1B9 /* Payloads.swift in Sources */ = {isa = PBXBuildFile; fileRef = B1B1B1B1B1B1B1B1B1B1B1C9 /* Payloads.swift */; };
		A1A1A1A1A1A1A1A1A1A1A1BA /* ActionMenuView.swift in Sources */ = {isa = PBXBuildFile; fileRef = B1B1B1B1B1B1B1B1B1B1B1CA /* ActionMenuView.swift */; };
		A1A1A1A1A1A1A1A1A1A1A1BB /* StoragePaths.swift in Sources */ = {isa = PBXBuildFile; fileRef = B1B1B1B1B1B1B1B1B1B1B1CB /* StoragePaths.swift */; };
		A1A1A1A1A1A1A1A1A1A1A1BC /* InboxRetention.swift in Sources */ = {isa = PBXBuildFile; fileRef = B1B1B1B1B1B1B1B1B1B1B1CC /* InboxRetention.swift */; };
		A1A1A1A1A1A1A1A1A1A1A1BD /* CaseManager.swift in Sources */ = {isa = PBXBuildFile; fileRef = B1B1B1B1B1B1B1B1B1B1B1CD /* CaseManager.swift */; };
		A1A1A1A1A1A1A1A1A1A1A1BE /* VaultShipper.swift in Sources */ = {isa = PBXBuildFile; fileRef = B1B1B1B1B1B1B1B1B1B1B1CE /* VaultShipper.swift */; };
		A1A1A1A1A1A1A1A1A1A1A1BF /* ArtifactStore.swift in Sources */ = {isa = PBXBuildFile; fileRef = B1B1B1B1B1B1B1B1B1B1B1CF /* ArtifactStore.swift */; };
		A1A1A1A1A1A1A1A1A1A1A1C0 /* VaultTransport.swift in Sources */ = {isa = PBXBuildFile; fileRef = B1B1B1B1B1B1B1B1B1B1B1D0 /* VaultTransport.swift */; };
		A1A1A1A1A1A1A1A1A1A1A1C1 /* BLEUUIDDisplay.swift in Sources */ = {isa = PBXBuildFile; fileRef = B1B1B1B1B1B1B1B1B1B1B1D1 /* BLEUUIDDisplay.swift */; };
		A1A1A1A1A1A1A1A1A1A1A1D3 /* Theme.swift in Sources */ = {isa = PBXBuildFile; fileRef = B1B1B1B1B1B1B1B1B1B1B1D3 /* Theme.swift */; };
		A1A1A1A1A1A1A1A1A1A1A1D4 /* DashboardView.swift in Sources */ = {isa = PBXBuildFile; fileRef = B1B1B1B1B1B1B1B1B1B1B1D4 /* DashboardView.swift */; };
		A1A1A1A1A1A1A1A1A1A1A1D5 /* VisualizerView.swift in Sources */ = {isa = PBXBuildFile; fileRef = B1B1B1B1B1B1B1B1B1B1B1D5 /* VisualizerView.swift */; };
		A1A1A1A1A1A1A1A1A1A1A1D6 /* DailyLogManager.swift in Sources */ = {isa = PBXBuildFile; fileRef = B1B1B1B1B1B1B1B1B1B1B1D6 /* DailyLogManager.swift */; };
		A1A1A1A1A1A1A1A1A1A1A1D7 /* CaseSessionManager.swift in Sources */ = {isa = PBXBuildFile; fileRef = B1B1B1B1B1B1B1B1B1B1B1D7 /* CaseSessionManager.swift */; };
/* End PBXBuildFile section */

/* Begin PBXFileReference section */
		B1B1B1B1B1B1B1B1B1B1B1F6 /* AliasManagerView.swift */ = {isa = PBXFileReference; lastKnownFileType = sourcecode.swift; path = AliasManagerView.swift; sourceTree = "<group>"; };
		B1B1B1B1B1B1B1B1B1B1B1B0 /* DevStation.app */ = {isa = PBXFileReference; explicitFileType = wrapper.application; includeInIndex = 0; path = DevStation.app; sourceTree = BUILT_PRODUCTS_DIR; };
		B1B1B1B1B1B1B1B1B1B1B1B1 /* DevStationApp.swift */ = {isa = PBXFileReference; lastKnownFileType = sourcecode.swift; path = DevStationApp.swift; sourceTree = "<group>"; };
		B1B1B1B1B1B1B1B1B1B1B1B2 /* ContentView.swift */ = {isa = PBXFileReference; lastKnownFileType = sourcecode.swift; path = ContentView.swift; sourceTree = "<group>"; };
		B1B1B1B1B1B1B1B1B1B1B1E0 /* ToolRegistry.swift */ = {isa = PBXFileReference; lastKnownFileType = sourcecode.swift; path = ToolRegistry.swift; sourceTree = "<group>"; };
		B1B1B1B1B1B1B1B1B1B1B1E1 /* ToolRegistryView.swift */ = {isa = PBXFileReference; lastKnownFileType = sourcecode.swift; path = ToolRegistryView.swift; sourceTree = "<group>"; };
		B1B1B1B1B1B1B1B1B1B1B1E2 /* StationProcessManager.swift */ = {isa = PBXFileReference; lastKnownFileType = sourcecode.swift; path = StationProcessManager.swift; sourceTree = "<group>"; };
		B1B1B1B1B1B1B1B1B1B1B1E3 /* PiLoggerStore.swift */ = {isa = PBXFileReference; lastKnownFileType = sourcecode.swift; path = PiLoggerStore.swift; sourceTree = "<group>"; };
		805A0DFFD8FAFFA48F8F9BEF /* IdentityResolver.swift */ = {isa = PBXFileReference; lastKnownFileType = sourcecode.swift; path = DevStation/IdentityResolver.swift; sourceTree = "<group>"; };
		B1B1B1B1B1B1B1B1B1B1B1E4 /* ModalHeaderView.swift */ = {isa = PBXFileReference; lastKnownFileType = sourcecode.swift; path = ModalHeaderView.swift; sourceTree = "<group>"; };
		B1B1B1B1B1B1B1B1B1B1B1E5 /* APIInspectorView.swift */ = {isa = PBXFileReference; lastKnownFileType = sourcecode.swift; path = APIInspectorView.swift; sourceTree = "<group>"; };
		B1B1B1B1B1B1B1B1B1B1B1E6 /* ToolRunnerView.swift */ = {isa = PBXFileReference; lastKnownFileType = sourcecode.swift; path = ToolRunnerView.swift; sourceTree = "<group>"; };
		B1B1B1B1B1B1B1B1B1B1B1E7 /* ViewerSheet.swift */ = {isa = PBXFileReference; lastKnownFileType = sourcecode.swift; path = ViewerSheet.swift; sourceTree = "<group>"; };
		B1B1B1B1B1B1B1B1B1B1B1F0 /* PresetRegistry.swift */ = {isa = PBXFileReference; lastKnownFileType = sourcecode.swift; path = PresetRegistry.swift; sourceTree = "<group>"; };
		B1B1B1B1B1B1B1B1B1B1B1F1 /* PresetButtonsView.swift */ = {isa = PBXFileReference; lastKnownFileType = sourcecode.swift; path = PresetButtonsView.swift; sourceTree = "<group>"; };
		B1B1B1B1B1B1B1B1B1B1B1F2 /* PresetRunnerView.swift */ = {isa = PBXFileReference; lastKnownFileType = sourcecode.swift; path = PresetRunnerView.swift; sourceTree = "<group>"; };
		B1B1B1B1B1B1B1B1B1B1B1F7 /* RunbookRegistry.swift */ = {isa = PBXFileReference; lastKnownFileType = sourcecode.swift; path = RunbookRegistry.swift; sourceTree = "<group>"; };
		B1B1B1B1B1B1B1B1B1B1B1F8 /* RunbookListView.swift */ = {isa = PBXFileReference; lastKnownFileType = sourcecode.swift; path = RunbookListView.swift; sourceTree = "<group>"; };
		B1B1B1B1B1B1B1B1B1B1B1F9 /* RunbookRunnerView.swift */ = {isa = PBXFileReference; lastKnownFileType = sourcecode.swift; path = RunbookRunnerView.swift; sourceTree = "<group>"; };
		B1B1B1B1B1B1B1B1B1B1B1F3 /* ToolBuilderView.swift */ = {isa = PBXFileReference; lastKnownFileType = sourcecode.swift; path = ToolBuilderView.swift; sourceTree = "<group>"; };
		B1B1B1B1B1B1B1B1B1B1B1F4 /* PresetBuilderView.swift */ = {isa = PBXFileReference; lastKnownFileType = sourcecode.swift; path = PresetBuilderView.swift; sourceTree = "<group>"; };
		B1B1B1B1B1B1B1B1B1B1B1F5 /* ScratchpadView.swift */ = {isa = PBXFileReference; lastKnownFileType = sourcecode.swift; path = ScratchpadView.swift; sourceTree = "<group>"; };
		B1B1B1B1B1B1B1B1B1B1B1B3 /* NetworkScanner.swift */ = {isa = PBXFileReference; lastKnownFileType = sourcecode.swift; path = NetworkScanner.swift; sourceTree = "<group>"; };
		B1B1B1B1B1B1B1B1B1B1B1B4 /* Models.swift */ = {isa = PBXFileReference; lastKnownFileType = sourcecode.swift; path = Models.swift; sourceTree = "<group>"; };
		B1B1B1B1B1B1B1B1B1B1B1B5 /* Info.plist */ = {isa = PBXFileReference; lastKnownFileType = text.plist.xml; path = Info.plist; sourceTree = "<group>"; };
		B1B1B1B1B1B1B1B1B1B1B1B6 /* AsyncSemaphore.swift */ = {isa = PBXFileReference; lastKnownFileType = sourcecode.swift; path = AsyncSemaphore.swift; sourceTree = "<group>"; };
		B1B1B1B1B1B1B1B1B1B1B1B7 /* NetworkHelpers.swift */ = {isa = PBXFileReference; lastKnownFileType = sourcecode.swift; path = NetworkHelpers.swift; sourceTree = "<group>"; };
		B1B1B1B1B1B1B1B1B1B1B1B8 /* ONVIFDiscovery.swift */ = {isa = PBXFileReference; lastKnownFileType = sourcecode.swift; path = ONVIFDiscovery.swift; sourceTree = "<group>"; };
		B1B1B1B1B1B1B1B1B1B1B1B9 /* ONVIFClient.swift */ = {isa = PBXFileReference; lastKnownFileType = sourcecode.swift; path = ONVIFClient.swift; sourceTree = "<group>"; };
		B1B1B1B1B1B1B1B1B1B1B1BA /* LogStore.swift */ = {isa = PBXFileReference; lastKnownFileType = sourcecode.swift; path = LogStore.swift; sourceTree = "<group>"; };
		B1B1B1B1B1B1B1B1B1B1B1BB /* OUIStore.swift */ = {isa = PBXFileReference; lastKnownFileType = sourcecode.swift; path = OUIStore.swift; sourceTree = "<group>"; };
		B1B1B1B1B1B1B1B1B1B1B1BC /* OUI.txt */ = {isa = PBXFileReference; lastKnownFileType = text; path = OUI.txt; sourceTree = "<group>"; };
		B1B1B1B1B1B1B1B1B1B1B1C4 /* BLECompanyIDs.txt */ = {isa = PBXFileReference; lastKnownFileType = text; path = BLECompanyIDs.txt; sourceTree = "<group>"; };
		B1B1B1B1B1B1B1B1B1B1B1C5 /* BLEServiceUUIDs.txt */ = {isa = PBXFileReference; lastKnownFileType = text; path = BLEServiceUUIDs.txt; sourceTree = "<group>"; };
		B1B1B1B1B1B1B1B1B1B1B1C6 /* BLEAssignedNumbers.txt */ = {isa = PBXFileReference; lastKnownFileType = text; path = BLEAssignedNumbers.txt; sourceTree = "<group>"; };
		B1B1B1B1B1B1B1B1B1B1B1BD /* SSDPDiscovery.swift */ = {isa = PBXFileReference; lastKnownFileType = sourcecode.swift; path = SSDPDiscovery.swift; sourceTree = "<group>"; };
		B1B1B1B1B1B1B1B1B1B1B1BE /* BonjourDiscovery.swift */ = {isa = PBXFileReference; lastKnownFileType = sourcecode.swift; path = BonjourDiscovery.swift; sourceTree = "<group>"; };
		B1B1B1B1B1B1B1B1B1B1B1BF /* RTSPProber.swift */ = {isa = PBXFileReference; lastKnownFileType = sourcecode.swift; path = RTSPProber.swift; sourceTree = "<group>"; };
		B1B1B1B1B1B1B1B1B1B1B1C0 /* VLCLauncher.swift */ = {isa = PBXFileReference; lastKnownFileType = sourcecode.swift; path = VLCLauncher.swift; sourceTree = "<group>"; };
		B1B1B1B1B1B1B1B1B1B1B1C1 /* BLEScanner.swift */ = {isa = PBXFileReference; lastKnownFileType = sourcecode.swift; path = BLEScanner.swift; sourceTree = "<group>"; };
		B1B1B1B1B1B1B1B1B1B1B1C2 /* BLEProber.swift */ = {isa = PBXFileReference; lastKnownFileType = sourcecode.swift; path = BLEProber.swift; sourceTree = "<group>"; };
		B1B1B1B1B1B1B1B1B1B1B1C3 /* BLEMetadataStore.swift */ = {isa = PBXFileReference; lastKnownFileType = sourcecode.swift; path = BLEMetadataStore.swift; sourceTree = "<group>"; };
		B1B1B1B1B1B1B1B1B1B1B1D2 /* PiAuxStore.swift */ = {isa = PBXFileReference; lastKnownFileType = sourcecode.swift; path = PiAuxStore.swift; sourceTree = "<group>"; };
		B1B1B1B1B1B1B1B1B1B1B1C7 /* RTSPHardProbe.swift */ = {isa = PBXFileReference; lastKnownFileType = sourcecode.swift; path = RTSPHardProbe.swift; sourceTree = "<group>"; };
		B1B1B1B1B1B1B1B1B1B1B1C8 /* AppTruth.swift */ = {isa = PBXFileReference; lastKnownFileType = sourcecode.swift; path = AppTruth.swift; sourceTree = "<group>"; };
		B1B1B1B1B1B1B1B1B1B1B1C9 /* Payloads.swift */ = {isa = PBXFileReference; lastKnownFileType = sourcecode.swift; path = Payloads.swift; sourceTree = "<group>"; };
		B1B1B1B1B1B1B1B1B1B1B1CA /* ActionMenuView.swift */ = {isa = PBXFileReference; lastKnownFileType = sourcecode.swift; path = ActionMenuView.swift; sourceTree = "<group>"; };
		B1B1B1B1B1B1B1B1B1B1B1CB /* StoragePaths.swift */ = {isa = PBXFileReference; lastKnownFileType = sourcecode.swift; path = StoragePaths.swift; sourceTree = "<group>"; };
		B1B1B1B1B1B1B1B1B1B1B1CC /* InboxRetention.swift */ = {isa = PBXFileReference; lastKnownFileType = sourcecode.swift; path = InboxRetention.swift; sourceTree = "<group>"; };
		B1B1B1B1B1B1B1B1B1B1B1CD /* CaseManager.swift */ = {isa = PBXFileReference; lastKnownFileType = sourcecode.swift; path = CaseManager.swift; sourceTree = "<group>"; };
		B1B1B1B1B1B1B1B1B1B1B1CE /* VaultShipper.swift */ = {isa = PBXFileReference; lastKnownFileType = sourcecode.swift; path = VaultShipper.swift; sourceTree = "<group>"; };
		B1B1B1B1B1B1B1B1B1B1B1CF /* ArtifactStore.swift */ = {isa = PBXFileReference; lastKnownFileType = sourcecode.swift; path = ArtifactStore.swift; sourceTree = "<group>"; };
		B1B1B1B1B1B1B1B1B1B1B1D0 /* VaultTransport.swift */ = {isa = PBXFileReference; lastKnownFileType = sourcecode.swift; path = VaultTransport.swift; sourceTree = "<group>"; };
		B1B1B1B1B1B1B1B1B1B1B1D1 /* BLEUUIDDisplay.swift */ = {isa = PBXFileReference; lastKnownFileType = sourcecode.swift; path = BLEUUIDDisplay.swift; sourceTree = "<group>"; };
		B1B1B1B1B1B1B1B1B1B1B1D3 /* Theme.swift */ = {isa = PBXFileReference; lastKnownFileType = sourcecode.swift; path = Theme.swift; sourceTree = "<group>"; };
		B1B1B1B1B1B1B1B1B1B1B1D4 /* DashboardView.swift */ = {isa = PBXFileReference; lastKnownFileType = sourcecode.swift; path = DashboardView.swift; sourceTree = "<group>"; };
		B1B1B1B1B1B1B1B1B1B1B1D5 /* VisualizerView.swift */ = {isa = PBXFileReference; lastKnownFileType = sourcecode.swift; path = VisualizerView.swift; sourceTree = "<group>"; };
		B1B1B1B1B1B1B1B1B1B1B1D6 /* DailyLogManager.swift */ = {isa = PBXFileReference; lastKnownFileType = sourcecode.swift; path = DailyLogManager.swift; sourceTree = "<group>"; };
		B1B1B1B1B1B1B1B1B1B1B1D7 /* CaseSessionManager.swift */ = {isa = PBXFileReference; lastKnownFileType = sourcecode.swift; path = CaseSessionManager.swift; sourceTree = "<group>"; };
/* End PBXFileReference section */

/* Begin PBXFrameworksBuildPhase section */
		C1C1C1C1C1C1C1C1C1C1C1C1 /* Frameworks */ = {
			isa = PBXFrameworksBuildPhase;
			buildActionMask = 2147483647;
			files = (
			);
			runOnlyForDeploymentPostprocessing = 0;
		};
/* End PBXFrameworksBuildPhase section */

/* Begin PBXGroup section */
		D1D1D1D1D1D1D1D1D1D1D1D1 = {
			isa = PBXGroup;
			children = (
				D1D1D1D1D1D1D1D1D1D1D1D2 /* DevStation */,
				B1B1B1B1B1B1B1B1B1B1B1B0 /* DevStation.app */,
			);
			sourceTree = "<group>";
		};
		D1D1D1D1D1D1D1D1D1D1D1D2 /* DevStation */ = {
			isa = PBXGroup;
			children = (
				B1B1B1B1B1B1B1B1B1B1B1B1 /* DevStationApp.swift */,
				B1B1B1B1B1B1B1B1B1B1B1B2 /* ContentView.swift */,
				B1B1B1B1B1B1B1B1B1B1B1E0 /* ToolRegistry.swift */,
				B1B1B1B1B1B1B1B1B1B1B1E1 /* ToolRegistryView.swift */,
				B1B1B1B1B1B1B1B1B1B1B1E2 /* StationProcessManager.swift */,
				B1B1B1B1B1B1B1B1B1B1B1E3 /* PiLoggerStore.swift */,
				B1B1B1B1B1B1B1B1B1B1B1E4 /* ModalHeaderView.swift */,
				B1B1B1B1B1B1B1B1B1B1B1E5 /* APIInspectorView.swift */,
				B1B1B1B1B1B1B1B1B1B1B1E6 /* ToolRunnerView.swift */,
				B1B1B1B1B1B1B1B1B1B1B1E7 /* ViewerSheet.swift */,
				B1B1B1B1B1B1B1B1B1B1B1F0 /* PresetRegistry.swift */,
				B1B1B1B1B1B1B1B1B1B1B1F1 /* PresetButtonsView.swift */,
				B1B1B1B1B1B1B1B1B1B1B1F2 /* PresetRunnerView.swift */,
				B1B1B1B1B1B1B1B1B1B1B1F7 /* RunbookRegistry.swift */,
				B1B1B1B1B1B1B1B1B1B1B1F8 /* RunbookListView.swift */,
				B1B1B1B1B1B1B1B1B1B1B1F9 /* RunbookRunnerView.swift */,
				B1B1B1B1B1B1B1B1B1B1B1F3 /* ToolBuilderView.swift */,
				B1B1B1B1B1B1B1B1B1B1B1F4 /* PresetBuilderView.swift */,
				B1B1B1B1B1B1B1B1B1B1B1F5 /* ScratchpadView.swift */,
				B1B1B1B1B1B1B1B1B1B1B1F6 /* AliasManagerView.swift */,
				B1B1B1B1B1B1B1B1B1B1B1B3 /* NetworkScanner.swift */,
				B1B1B1B1B1B1B1B1B1B1B1B4 /* Models.swift */,
				B1B1B1B1B1B1B1B1B1B1B1B6 /* AsyncSemaphore.swift */,
				B1B1B1B1B1B1B1B1B1B1B1B7 /* NetworkHelpers.swift */,
				B1B1B1B1B1B1B1B1B1B1B1B8 /* ONVIFDiscovery.swift */,
				B1B1B1B1B1B1B1B1B1B1B1B9 /* ONVIFClient.swift */,
				B1B1B1B1B1B1B1B1B1B1B1BD /* SSDPDiscovery.swift */,
				B1B1B1B1B1B1B1B1B1B1B1BE /* BonjourDiscovery.swift */,
				B1B1B1B1B1B1B1B1B1B1B1BF /* RTSPProber.swift */,
				B1B1B1B1B1B1B1B1B1B1B1C0 /* VLCLauncher.swift */,
				B1B1B1B1B1B1B1B1B1B1B1C1 /* BLEScanner.swift */,
				B1B1B1B1B1B1B1B1B1B1B1C2 /* BLEProber.swift */,
				B1B1B1B1B1B1B1B1B1B1B1C3 /* BLEMetadataStore.swift */,
				B1B1B1B1B1B1B1B1B1B1B1D2 /* PiAuxStore.swift */,
				B1B1B1B1B1B1B1B1B1B1B1C7 /* RTSPHardProbe.swift */,
				B1B1B1B1B1B1B1B1B1B1B1C8 /* AppTruth.swift */,
				B1B1B1B1B1B1B1B1B1B1B1C9 /* Payloads.swift */,
				B1B1B1B1B1B1B1B1B1B1B1CA /* ActionMenuView.swift */,
				B1B1B1B1B1B1B1B1B1B1B1CB /* StoragePaths.swift */,
				B1B1B1B1B1B1B1B1B1B1B1CC /* InboxRetention.swift */,
				B1B1B1B1B1B1B1B1B1B1B1CD /* CaseManager.swift */,
				B1B1B1B1B1B1B1B1B1B1B1CE /* VaultShipper.swift */,
				B1B1B1B1B1B1B1B1B1B1B1CF /* ArtifactStore.swift */,
				B1B1B1B1B1B1B1B1B1B1B1D0 /* VaultTransport.swift */,
				B1B1B1B1B1B1B1B1B1B1B1D1 /* BLEUUIDDisplay.swift */,
				B1B1B1B1B1B1B1B1B1B1B1D3 /* Theme.swift */,
				B1B1B1B1B1B1B1B1B1B1B1D4 /* DashboardView.swift */,
				B1B1B1B1B1B1B1B1B1B1B1D5 /* VisualizerView.swift */,
				B1B1B1B1B1B1B1B1B1B1B1D6 /* DailyLogManager.swift */,
				B1B1B1B1B1B1B1B1B1B1B1D7 /* CaseSessionManager.swift */,
				B1B1B1B1B1B1B1B1B1B1B1BA /* LogStore.swift */,
				B1B1B1B1B1B1B1B1B1B1B1BB /* OUIStore.swift */,
				D1D1D1D1D1D1D1D1D1D1D1D3 /* Resources */,
			);
			path = DevStation;
			sourceTree = "<group>";
		};
		D1D1D1D1D1D1D1D1D1D1D1D3 /* Resources */ = {
			isa = PBXGroup;
			children = (
				B1B1B1B1B1B1B1B1B1B1B1B5 /* Info.plist */,
				B1B1B1B1B1B1B1B1B1B1B1BC /* OUI.txt */,
				B1B1B1B1B1B1B1B1B1B1B1C4 /* BLECompanyIDs.txt */,
				B1B1B1B1B1B1B1B1B1B1B1C5 /* BLEServiceUUIDs.txt */,
				B1B1B1B1B1B1B1B1B1B1B1C6 /* BLEAssignedNumbers.txt */,
			);
			path = Resources;
			sourceTree = "<group>";
		};
/* End PBXGroup section */

/* Begin PBXNativeTarget section */
		E1E1E1E1E1E1E1E1E1E1E1E1 /* DevStation */ = {
			isa = PBXNativeTarget;
			buildConfigurationList = F1F1F1F1F1F1F1F1F1F1F1F1 /* Build configuration list for PBXNativeTarget "DevStation" */;
			buildPhases = (
				C1C1C1C1C1C1C1C1C1C1C1C2 /* Sources */,
				C1C1C1C1C1C1C1C1C1C1C1C1 /* Frameworks */,
				C1C1C1C1C1C1C1C1C1C1C1C3 /* Resources */,
			);
			buildRules = (
			);
			dependencies = (
			);
			name = DevStation;
			productName = DevStation;
			productReference = B1B1B1B1B1B1B1B1B1B1B1B0 /* DevStation.app */;
			productType = "com.apple.product-type.application";
		};
/* End PBXNativeTarget section */

/* Begin PBXProject section */
		E1E1E1E1E1E1E1E1E1E1E1E2 /* Project object */ = {
			isa = PBXProject;
			attributes = {
				BuildIndependentTargetsInParallel = 1;
				LastSwiftUpdateCheck = 1540;
				LastUpgradeCheck = 1540;
				TargetAttributes = {
					E1E1E1E1E1E1E1E1E1E1E1E1 = {
						CreatedOnToolsVersion = 15.4;
					};
				};
			};
			buildConfigurationList = F1F1F1F1F1F1F1F1F1F1F1F2 /* Build configuration list for PBXProject "DevStation" */;
			compatibilityVersion = "Xcode 14.0";
			developmentRegion = en;
			hasScannedForEncodings = 0;
			mainGroup = D1D1D1D1D1D1D1D1D1D1D1D1;
			productRefGroup = D1D1D1D1D1D1D1D1D1D1D1D1;
			projectDirPath = "";
			projectRoot = "";
			targets = (
				E1E1E1E1E1E1E1E1E1E1E1E1 /* DevStation */,
			);
		};
/* End PBXProject section */

/* Begin PBXResourcesBuildPhase section */
		C1C1C1C1C1C1C1C1C1C1C1C3 /* Resources */ = {
			isa = PBXResourcesBuildPhase;
			buildActionMask = 2147483647;
			files = (
				A1A1A1A1A1A1A1A1A1A1A1AB /* OUI.txt in Resources */,
				A1A1A1A1A1A1A1A1A1A1A1B3 /* BLECompanyIDs.txt in Resources */,
				A1A1A1A1A1A1A1A1A1A1A1B4 /* BLEServiceUUIDs.txt in Resources */,
				A1A1A1A1A1A1A1A1A1A1A1B5 /* BLEAssignedNumbers.txt in Resources */,
			);
			runOnlyForDeploymentPostprocessing = 0;
		};
/* End PBXResourcesBuildPhase section */

/* Begin PBXSourcesBuildPhase section */
		C1C1C1C1C1C1C1C1C1C1C1C2 /* Sources */ = {
			isa = PBXSourcesBuildPhase;
			buildActionMask = 2147483647;
			files = (
				A1A1A1A1A1A1A1A1A1A1A1A1 /* DevStationApp.swift in Sources */,
				A1A1A1A1A1A1A1A1A1A1A1A2 /* ContentView.swift in Sources */,
				A1A1A1A1A1A1A1A1A1A1A1E0 /* ToolRegistry.swift in Sources */,
				A1A1A1A1A1A1A1A1A1A1A1E1 /* ToolRegistryView.swift in Sources */,
				A1A1A1A1A1A1A1A1A1A1A1E2 /* StationProcessManager.swift in Sources */,
				A1A1A1A1A1A1A1A1A1A1A1E3 /* PiLoggerStore.swift in Sources */,
				8BAE51ECB4CED21C4BE36BFF /* IdentityResolver.swift in Sources */,
				A1A1A1A1A1A1A1A1A1A1A1E4 /* ModalHeaderView.swift in Sources */,
				A1A1A1A1A1A1A1A1A1A1A1E5 /* APIInspectorView.swift in Sources */,
				A1A1A1A1A1A1A1A1A1A1A1E6 /* ToolRunnerView.swift in Sources */,
				A1A1A1A1A1A1A1A1A1A1A1E7 /* ViewerSheet.swift in Sources */,
				A1A1A1A1A1A1A1A1A1A1A1F0 /* PresetRegistry.swift in Sources */,
				A1A1A1A1A1A1A1A1A1A1A1F1 /* PresetButtonsView.swift in Sources */,
				A1A1A1A1A1A1A1A1A1A1A1F2 /* PresetRunnerView.swift in Sources */,
				A1A1A1A1A1A1A1A1A1A1A1F7 /* RunbookRegistry.swift in Sources */,
				A1A1A1A1A1A1A1A1A1A1A1F8 /* RunbookListView.swift in Sources */,
				A1A1A1A1A1A1A1A1A1A1A1F9 /* RunbookRunnerView.swift in Sources */,
				A1A1A1A1A1A1A1A1A1A1A1F3 /* ToolBuilderView.swift in Sources */,
				A1A1A1A1A1A1A1A1A1A1A1F4 /* PresetBuilderView.swift in Sources */,
				A1A1A1A1A1A1A1A1A1A1A1F5 /* ScratchpadView.swift in Sources */,
				A1A1A1A1A1A1A1A1A1A1A1F6 /* AliasManagerView.swift in Sources */,
				A1A1A1A1A1A1A1A1A1A1A1A3 /* NetworkScanner.swift in Sources */,
				A1A1A1A1A1A1A1A1A1A1A1A4 /* Models.swift in Sources */,
				A1A1A1A1A1A1A1A1A1A1A1A5 /* AsyncSemaphore.swift in Sources */,
				A1A1A1A1A1A1A1A1A1A1A1A6 /* NetworkHelpers.swift in Sources */,
				A1A1A1A1A1A1A1A1A1A1A1A7 /* ONVIFDiscovery.swift in Sources */,
				A1A1A1A1A1A1A1A1A1A1A1A8 /* ONVIFClient.swift in Sources */,
				A1A1A1A1A1A1A1A1A1A1A1A9 /* LogStore.swift in Sources */,
				A1A1A1A1A1A1A1A1A1A1A1AA /* OUIStore.swift in Sources */,
				A1A1A1A1A1A1A1A1A1A1A1AC /* SSDPDiscovery.swift in Sources */,
				A1A1A1A1A1A1A1A1A1A1A1AD /* BonjourDiscovery.swift in Sources */,
				A1A1A1A1A1A1A1A1A1A1A1AE /* RTSPProber.swift in Sources */,
				A1A1A1A1A1A1A1A1A1A1A1AF /* VLCLauncher.swift in Sources */,
				A1A1A1A1A1A1A1A1A1A1A1B0 /* BLEScanner.swift in Sources */,
				A1A1A1A1A1A1A1A1A1A1A1B1 /* BLEProber.swift in Sources */,
				A1A1A1A1A1A1A1A1A1A1A1B2 /* BLEMetadataStore.swift in Sources */,
				A1A1A1A1A1A1A1A1A1A1A1D2 /* PiAuxStore.swift in Sources */,
				A1A1A1A1A1A1A1A1A1A1A1B7 /* RTSPHardProbe.swift in Sources */,
				A1A1A1A1A1A1A1A1A1A1A1B8 /* AppTruth.swift in Sources */,
				A1A1A1A1A1A1A1A1A1A1A1B9 /* Payloads.swift in Sources */,
				A1A1A1A1A1A1A1A1A1A1A1BA /* ActionMenuView.swift in Sources */,
				A1A1A1A1A1A1A1A1A1A1A1BB /* StoragePaths.swift in Sources */,
				A1A1A1A1A1A1A1A1A1A1A1BC /* InboxRetention.swift in Sources */,
				A1A1A1A1A1A1A1A1A1A1A1BD /* CaseManager.swift in Sources */,
				A1A1A1A1A1A1A1A1A1A1A1BE /* VaultShipper.swift in Sources */,
				A1A1A1A1A1A1A1A1A1A1A1BF /* ArtifactStore.swift in Sources */,
				A1A1A1A1A1A1A1A1A1A1A1C0 /* VaultTransport.swift in Sources */,
				A1A1A1A1A1A1A1A1A1A1A1C1 /* BLEUUIDDisplay.swift in Sources */,
				A1A1A1A1A1A1A1A1A1A1A1D3 /* Theme.swift in Sources */,
				A1A1A1A1A1A1A1A1A1A1A1D4 /* DashboardView.swift in Sources */,
				A1A1A1A1A1A1A1A1A1A1A1D5 /* VisualizerView.swift in Sources */,
				A1A1A1A1A1A1A1A1A1A1A1D6 /* DailyLogManager.swift in Sources */,
				A1A1A1A1A1A1A1A1A1A1A1D7 /* CaseSessionManager.swift in Sources */,
			);
			runOnlyForDeploymentPostprocessing = 0;
		};
/* End PBXSourcesBuildPhase section */

/* Begin XCBuildConfiguration section */
		F1F1F1F1F1F1F1F1F1F1F1F3 /* Debug */ = {
			isa = XCBuildConfiguration;
			buildSettings = {
				ALWAYS_SEARCH_USER_PATHS = NO;
				CODE_SIGNING_ALLOWED = NO;
				CODE_SIGNING_REQUIRED = NO;
				DEVELOPMENT_TEAM = "";
				ENABLE_HARDENED_RUNTIME = NO;
				INFOPLIST_FILE = DevStation/Resources/Info.plist;
				MACOSX_DEPLOYMENT_TARGET = 13.0;
				PRODUCT_BUNDLE_IDENTIFIER = com.strangelab.sods;
				PRODUCT_NAME = DevStation;
				SWIFT_VERSION = 5.0;
				DEBUG_INFORMATION_FORMAT = dwarf;
			};
			name = Debug;
		};
		F1F1F1F1F1F1F1F1F1F1F1F4 /* Release */ = {
			isa = XCBuildConfiguration;
			buildSettings = {
				ALWAYS_SEARCH_USER_PATHS = NO;
				CODE_SIGNING_ALLOWED = NO;
				CODE_SIGNING_REQUIRED = NO;
				DEVELOPMENT_TEAM = "";
				ENABLE_HARDENED_RUNTIME = NO;
				INFOPLIST_FILE = DevStation/Resources/Info.plist;
				MACOSX_DEPLOYMENT_TARGET = 13.0;
				PRODUCT_BUNDLE_IDENTIFIER = com.strangelab.sods;
				PRODUCT_NAME = DevStation;
				SWIFT_VERSION = 5.0;
			};
			name = Release;
		};
		F1F1F1F1F1F1F1F1F1F1F1F5 /* Debug */ = {
			isa = XCBuildConfiguration;
			buildSettings = {
				ALWAYS_SEARCH_USER_PATHS = NO;
				ASSETCATALOG_COMPILER_APPICON_NAME = AppIcon;
				CODE_SIGNING_ALLOWED = NO;
				CODE_SIGNING_REQUIRED = NO;
				COMBINE_HIDPI_IMAGES = YES;
				DEVELOPMENT_TEAM = "";
				ENABLE_HARDENED_RUNTIME = NO;
				INFOPLIST_FILE = DevStation/Resources/Info.plist;
				LD_RUNPATH_SEARCH_PATHS = (
					"$(inherited)",
					"@executable_path/../Frameworks",
				);
				MACOSX_DEPLOYMENT_TARGET = 13.0;
				PRODUCT_BUNDLE_IDENTIFIER = com.strangelab.sods;
				PRODUCT_NAME = DevStation;
				SWIFT_VERSION = 5.0;
			};
			name = Debug;
		};
		F1F1F1F1F1F1F1F1F1F1F1F6 /* Release */ = {
			isa = XCBuildConfiguration;
			buildSettings = {
				ALWAYS_SEARCH_USER_PATHS = NO;
				ASSETCATALOG_COMPILER_APPICON_NAME = AppIcon;
				CODE_SIGNING_ALLOWED = NO;
				CODE_SIGNING_REQUIRED = NO;
				COMBINE_HIDPI_IMAGES = YES;
				DEVELOPMENT_TEAM = "";
				ENABLE_HARDENED_RUNTIME = NO;
				INFOPLIST_FILE = DevStation/Resources/Info.plist;
				LD_RUNPATH_SEARCH_PATHS = (
					"$(inherited)",
					"@executable_path/../Frameworks",
				);
				MACOSX_DEPLOYMENT_TARGET = 13.0;
				PRODUCT_BUNDLE_IDENTIFIER = com.strangelab.sods;
				PRODUCT_NAME = DevStation;
				SWIFT_VERSION = 5.0;
			};
			name = Release;
		};
/* End XCBuildConfiguration section */

/* Begin XCConfigurationList section */
		F1F1F1F1F1F1F1F1F1F1F1F1 /* Build configuration list for PBXNativeTarget "DevStation" */ = {
			isa = XCConfigurationList;
			buildConfigurations = (
				F1F1F1F1F1F1F1F1F1F1F1F5 /* Debug */,
				F1F1F1F1F1F1F1F1F1F1F1F6 /* Release */,
			);
			defaultConfigurationIsVisible = 0;
			defaultConfigurationName = Debug;
		};
		F1F1F1F1F1F1F1F1F1F1F1F2 /* Build configuration list for PBXProject "DevStation" */ = {
			isa = XCConfigurationList;
			buildConfigurations = (
				F1F1F1F1F1F1F1F1F1F1F1F3 /* Debug */,
				F1F1F1F1F1F1F1F1F1F1F1F4 /* Release */,
			);
			defaultConfigurationIsVisible = 0;
			defaultConfigurationName = Debug;
		};
/* End XCConfigurationList section */
	};
	rootObject = E1E1E1E1E1E1E1E1E1E1E1E2 /* Project object */;
}
